
Microsoft Visual Studio Solution File, Format Version 12.00
# Visual Studio Version 17
VisualStudioVersion = 17.3.32804.467
MinimumVisualStudioVersion = 10.0.40219.1
Project("{FAE04EC0-301F-11D3-BF4B-00C04F79EFBC}") = "MISA.WEB07.DUONGPV.TCDN.API", "MISA.WEB07.DUONGPV.TCDN.API\MISA.WEB07.DUONGPV.TCDN.API.csproj", "{1EC0DE3E-F757-45DF-AE4E-1B85027D5FA3}"
EndProject
Global
	GlobalSection(SolutionConfigurationPlatforms) = preSolution
		Debug|Any CPU = Debug|Any CPU
		Release|Any CPU = Release|Any CPU
	EndGlobalSection
	GlobalSection(ProjectConfigurationPlatforms) = postSolution
		{1EC0DE3E-F757-45DF-AE4E-1B85027D5FA3}.Debug|Any CPU.ActiveCfg = Debug|Any CPU
		{1EC0DE3E-F757-45DF-AE4E-1B85027D5FA3}.Debug|Any CPU.Build.0 = Debug|Any CPU
		{1EC0DE3E-F757-45DF-AE4E-1B85027D5FA3}.Release|Any CPU.ActiveCfg = Release|Any CPU
		{1EC0DE3E-F757-45DF-AE4E-1B85027D5FA3}.Release|Any CPU.Build.0 = Release|Any CPU
	EndGlobalSection
	GlobalSection(SolutionProperties) = preSolution
		HideSolutionNode = FALSE
	EndGlobalSection
	GlobalSection(ExtensibilityGlobals) = postSolution
		SolutionGuid = {57FD3C87-7048-4EE8-B525-D1EC26E4803B}
	EndGlobalSection
EndGlobal
